
Microsoft Visual Studio Solution File, Format Version 12.00
# Visual Studio 2012
Project("{8BC9CEB8-8B4A-11D0-8D11-00A0C91BC942}") = "Practice 4", "Practice 4.vcxproj", "{599F6BB8-5213-46AA-A1A0-24A89C542B11}"
EndProject
Global
	GlobalSection(SolutionConfigurationPlatforms) = preSolution
		Debug|Win32 = Debug|Win32
		Release|Win32 = Release|Win32
	EndGlobalSection
	GlobalSection(ProjectConfigurationPlatforms) = postSolution
		{599F6BB8-5213-46AA-A1A0-24A89C542B11}.Debug|Win32.ActiveCfg = Debug|Win32
		{599F6BB8-5213-46AA-A1A0-24A89C542B11}.Debug|Win32.Build.0 = Debug|Win32
		{599F6BB8-5213-46AA-A1A0-24A89C542B11}.Release|Win32.ActiveCfg = Release|Win32
		{599F6BB8-5213-46AA-A1A0-24A89C542B11}.Release|Win32.Build.0 = Release|Win32
	EndGlobalSection
	GlobalSection(SolutionProperties) = preSolution
		HideSolutionNode = FALSE
	EndGlobalSection
EndGlobal
