
Microsoft Visual Studio Solution File, Format Version 12.00
# Visual Studio 2012
Project("{8BC9CEB8-8B4A-11D0-8D11-00A0C91BC942}") = "Pratice 11", "Pratice 11.vcxproj", "{7E0B6639-86CF-4EAA-8C2E-1E2CAE0F8C6A}"
EndProject
Global
	GlobalSection(SolutionConfigurationPlatforms) = preSolution
		Debug|Win32 = Debug|Win32
		Release|Win32 = Release|Win32
	EndGlobalSection
	GlobalSection(ProjectConfigurationPlatforms) = postSolution
		{7E0B6639-86CF-4EAA-8C2E-1E2CAE0F8C6A}.Debug|Win32.ActiveCfg = Debug|Win32
		{7E0B6639-86CF-4EAA-8C2E-1E2CAE0F8C6A}.Debug|Win32.Build.0 = Debug|Win32
		{7E0B6639-86CF-4EAA-8C2E-1E2CAE0F8C6A}.Release|Win32.ActiveCfg = Release|Win32
		{7E0B6639-86CF-4EAA-8C2E-1E2CAE0F8C6A}.Release|Win32.Build.0 = Release|Win32
	EndGlobalSection
	GlobalSection(SolutionProperties) = preSolution
		HideSolutionNode = FALSE
	EndGlobalSection
EndGlobal
